{
	"name": "wpsjs",
	"version": "1.0.0",
	"lockfileVersion": 1,
	"requires": true,
	"dependencies": {
		"et-jsapi-declare": {
			"version": "2.3.0",
			"resolved": "https://registry.npmmirror.com/et-jsapi-declare/-/et-jsapi-declare-2.3.0.tgz",
			"integrity": "sha512-eQhPiH1boVvbDouJUcf/etTmXnDZ5EkgW8EznLX8Oo2plbMznauTh40/o+pCwHQsibzwJ70EXB2NVbFgdysgEQ==",
			"dev": true
		}
	}
}
